// !$*UTF8*$!
{
	archiveVersion = 1;
	classes = {
	};
	objectVersion = 46;
	objects = {

/* Begin PBXBuildFile section */
		87C8C165138A5AB200B287AE /* UIKit.framework in Frameworks */ = {isa = PBXBuildFile; fileRef = 87C8C164138A5AB200B287AE /* UIKit.framework */; };
		87C8C167138A5AB200B287AE /* Foundation.framework in Frameworks */ = {isa = PBXBuildFile; fileRef = 87C8C166138A5AB200B287AE /* Foundation.framework */; };
		87C8C169138A5AB200B287AE /* CoreGraphics.framework in Frameworks */ = {isa = PBXBuildFile; fileRef = 87C8C168138A5AB200B287AE /* CoreGraphics.framework */; };
		87C8C16F138A5AB200B287AE /* InfoPlist.strings in Resources */ = {isa = PBXBuildFile; fileRef = 87C8C16D138A5AB200B287AE /* InfoPlist.strings */; };
		87C8C172138A5AB200B287AE /* main.m in Sources */ = {isa = PBXBuildFile; fileRef = 87C8C171138A5AB200B287AE /* main.m */; };
		87C8C175138A5AB200B287AE /* PopupCartonAppDelegate.m in Sources */ = {isa = PBXBuildFile; fileRef = 87C8C174138A5AB200B287AE /* PopupCartonAppDelegate.m */; };
		87C8C178138A5AB200B287AE /* MainWindow.xib in Resources */ = {isa = PBXBuildFile; fileRef = 87C8C176138A5AB200B287AE /* MainWindow.xib */; };
		87C8C17B138A5AB200B287AE /* PopupCartonViewController.m in Sources */ = {isa = PBXBuildFile; fileRef = 87C8C17A138A5AB200B287AE /* PopupCartonViewController.m */; };
		87C8C17E138A5AB200B287AE /* PopupCartonViewController.xib in Resources */ = {isa = PBXBuildFile; fileRef = 87C8C17C138A5AB200B287AE /* PopupCartonViewController.xib */; };
		87C8C18B138A5AC400B287AE /* Package.png in Resources */ = {isa = PBXBuildFile; fileRef = 87C8C187138A5AC400B287AE /* Package.png */; };
		87C8C18C138A5AC400B287AE /* Package@2x.png in Resources */ = {isa = PBXBuildFile; fileRef = 87C8C188138A5AC400B287AE /* Package@2x.png */; };
		87FF808E138A849100F6D5CD /* QuartzCore.framework in Frameworks */ = {isa = PBXBuildFile; fileRef = 87FF808D138A849100F6D5CD /* QuartzCore.framework */; };
/* End PBXBuildFile section */

/* Begin PBXFileReference section */
		87C8C160138A5AB200B287AE /* PopupCarton.app */ = {isa = PBXFileReference; explicitFileType = wrapper.application; includeInIndex = 0; path = PopupCarton.app; sourceTree = BUILT_PRODUCTS_DIR; };
		87C8C164138A5AB200B287AE /* UIKit.framework */ = {isa = PBXFileReference; lastKnownFileType = wrapper.framework; name = UIKit.framework; path = System/Library/Frameworks/UIKit.framework; sourceTree = SDKROOT; };
		87C8C166138A5AB200B287AE /* Foundation.framework */ = {isa = PBXFileReference; lastKnownFileType = wrapper.framework; name = Foundation.framework; path = System/Library/Frameworks/Foundation.framework; sourceTree = SDKROOT; };
		87C8C168138A5AB200B287AE /* CoreGraphics.framework */ = {isa = PBXFileReference; lastKnownFileType = wrapper.framework; name = CoreGraphics.framework; path = System/Library/Frameworks/CoreGraphics.framework; sourceTree = SDKROOT; };
		87C8C16C138A5AB200B287AE /* PopupCarton-Info.plist */ = {isa = PBXFileReference; lastKnownFileType = text.plist.xml; path = "PopupCarton-Info.plist"; sourceTree = "<group>"; };
		87C8C16E138A5AB200B287AE /* en */ = {isa = PBXFileReference; lastKnownFileType = text.plist.strings; name = en; path = en.lproj/InfoPlist.strings; sourceTree = "<group>"; };
		87C8C170138A5AB200B287AE /* PopupCarton-Prefix.pch */ = {isa = PBXFileReference; lastKnownFileType = sourcecode.c.h; path = "PopupCarton-Prefix.pch"; sourceTree = "<group>"; };
		87C8C171138A5AB200B287AE /* main.m */ = {isa = PBXFileReference; lastKnownFileType = sourcecode.c.objc; path = main.m; sourceTree = "<group>"; };
		87C8C173138A5AB200B287AE /* PopupCartonAppDelegate.h */ = {isa = PBXFileReference; lastKnownFileType = sourcecode.c.h; path = PopupCartonAppDelegate.h; sourceTree = "<group>"; };
		87C8C174138A5AB200B287AE /* PopupCartonAppDelegate.m */ = {isa = PBXFileReference; lastKnownFileType = sourcecode.c.objc; path = PopupCartonAppDelegate.m; sourceTree = "<group>"; };
		87C8C177138A5AB200B287AE /* en */ = {isa = PBXFileReference; lastKnownFileType = file.xib; name = en; path = en.lproj/MainWindow.xib; sourceTree = "<group>"; };
		87C8C179138A5AB200B287AE /* PopupCartonViewController.h */ = {isa = PBXFileReference; lastKnownFileType = sourcecode.c.h; path = PopupCartonViewController.h; sourceTree = "<group>"; };
		87C8C17A138A5AB200B287AE /* PopupCartonViewController.m */ = {isa = PBXFileReference; lastKnownFileType = sourcecode.c.objc; path = PopupCartonViewController.m; sourceTree = "<group>"; };
		87C8C17D138A5AB200B287AE /* en */ = {isa = PBXFileReference; lastKnownFileType = file.xib; name = en; path = en.lproj/PopupCartonViewController.xib; sourceTree = "<group>"; };
		87C8C187138A5AC400B287AE /* Package.png */ = {isa = PBXFileReference; lastKnownFileType = image.png; path = Package.png; sourceTree = "<group>"; };
		87C8C188138A5AC400B287AE /* Package@2x.png */ = {isa = PBXFileReference; lastKnownFileType = image.png; path = "Package@2x.png"; sourceTree = "<group>"; };
		87FF808D138A849100F6D5CD /* QuartzCore.framework */ = {isa = PBXFileReference; lastKnownFileType = wrapper.framework; name = QuartzCore.framework; path = System/Library/Frameworks/QuartzCore.framework; sourceTree = SDKROOT; };
/* End PBXFileReference section */

/* Begin PBXFrameworksBuildPhase section */
		87C8C15D138A5AB200B287AE /* Frameworks */ = {
			isa = PBXFrameworksBuildPhase;
			buildActionMask = 2147483647;
			files = (
				87FF808E138A849100F6D5CD /* QuartzCore.framework in Frameworks */,
				87C8C165138A5AB200B287AE /* UIKit.framework in Frameworks */,
				87C8C167138A5AB200B287AE /* Foundation.framework in Frameworks */,
				87C8C169138A5AB200B287AE /* CoreGraphics.framework in Frameworks */,
			);
			runOnlyForDeploymentPostprocessing = 0;
		};
/* End PBXFrameworksBuildPhase section */

/* Begin PBXGroup section */
		87C8C155138A5AB200B287AE = {
			isa = PBXGroup;
			children = (
				87FF808D138A849100F6D5CD /* QuartzCore.framework */,
				87C8C16A138A5AB200B287AE /* PopupCarton */,
				87C8C163138A5AB200B287AE /* Frameworks */,
				87C8C161138A5AB200B287AE /* Products */,
			);
			sourceTree = "<group>";
		};
		87C8C161138A5AB200B287AE /* Products */ = {
			isa = PBXGroup;
			children = (
				87C8C160138A5AB200B287AE /* PopupCarton.app */,
			);
			name = Products;
			sourceTree = "<group>";
		};
		87C8C163138A5AB200B287AE /* Frameworks */ = {
			isa = PBXGroup;
			children = (
				87C8C164138A5AB200B287AE /* UIKit.framework */,
				87C8C166138A5AB200B287AE /* Foundation.framework */,
				87C8C168138A5AB200B287AE /* CoreGraphics.framework */,
			);
			name = Frameworks;
			sourceTree = "<group>";
		};
		87C8C16A138A5AB200B287AE /* PopupCarton */ = {
			isa = PBXGroup;
			children = (
				87C8C184138A5AC400B287AE /* Resources */,
				87C8C173138A5AB200B287AE /* PopupCartonAppDelegate.h */,
				87C8C174138A5AB200B287AE /* PopupCartonAppDelegate.m */,
				87C8C176138A5AB200B287AE /* MainWindow.xib */,
				87C8C179138A5AB200B287AE /* PopupCartonViewController.h */,
				87C8C17A138A5AB200B287AE /* PopupCartonViewController.m */,
				87C8C17C138A5AB200B287AE /* PopupCartonViewController.xib */,
				87C8C16B138A5AB200B287AE /* Supporting Files */,
			);
			path = PopupCarton;
			sourceTree = "<group>";
		};
		87C8C16B138A5AB200B287AE /* Supporting Files */ = {
			isa = PBXGroup;
			children = (
				87C8C16C138A5AB200B287AE /* PopupCarton-Info.plist */,
				87C8C16D138A5AB200B287AE /* InfoPlist.strings */,
				87C8C170138A5AB200B287AE /* PopupCarton-Prefix.pch */,
				87C8C171138A5AB200B287AE /* main.m */,
			);
			name = "Supporting Files";
			sourceTree = "<group>";
		};
		87C8C184138A5AC400B287AE /* Resources */ = {
			isa = PBXGroup;
			children = (
				87C8C187138A5AC400B287AE /* Package.png */,
				87C8C188138A5AC400B287AE /* Package@2x.png */,
			);
			name = Resources;
			path = ../../Godray/Godray/Resources;
			sourceTree = "<group>";
		};
/* End PBXGroup section */

/* Begin PBXNativeTarget section */
		87C8C15F138A5AB200B287AE /* PopupCarton */ = {
			isa = PBXNativeTarget;
			buildConfigurationList = 87C8C181138A5AB200B287AE /* Build configuration list for PBXNativeTarget "PopupCarton" */;
			buildPhases = (
				87C8C15C138A5AB200B287AE /* Sources */,
				87C8C15D138A5AB200B287AE /* Frameworks */,
				87C8C15E138A5AB200B287AE /* Resources */,
			);
			buildRules = (
			);
			dependencies = (
			);
			name = PopupCarton;
			productName = PopupCarton;
			productReference = 87C8C160138A5AB200B287AE /* PopupCarton.app */;
			productType = "com.apple.product-type.application";
		};
/* End PBXNativeTarget section */

/* Begin PBXProject section */
		87C8C157138A5AB200B287AE /* Project object */ = {
			isa = PBXProject;
			attributes = {
				ORGANIZATIONNAME = "いります電算企画";
			};
			buildConfigurationList = 87C8C15A138A5AB200B287AE /* Build configuration list for PBXProject "PopupCarton" */;
			compatibilityVersion = "Xcode 3.2";
			developmentRegion = English;
			hasScannedForEncodings = 0;
			knownRegions = (
				en,
			);
			mainGroup = 87C8C155138A5AB200B287AE;
			productRefGroup = 87C8C161138A5AB200B287AE /* Products */;
			projectDirPath = "";
			projectRoot = "";
			targets = (
				87C8C15F138A5AB200B287AE /* PopupCarton */,
			);
		};
/* End PBXProject section */

/* Begin PBXResourcesBuildPhase section */
		87C8C15E138A5AB200B287AE /* Resources */ = {
			isa = PBXResourcesBuildPhase;
			buildActionMask = 2147483647;
			files = (
				87C8C16F138A5AB200B287AE /* InfoPlist.strings in Resources */,
				87C8C178138A5AB200B287AE /* MainWindow.xib in Resources */,
				87C8C17E138A5AB200B287AE /* PopupCartonViewController.xib in Resources */,
				87C8C18B138A5AC400B287AE /* Package.png in Resources */,
				87C8C18C138A5AC400B287AE /* Package@2x.png in Resources */,
			);
			runOnlyForDeploymentPostprocessing = 0;
		};
/* End PBXResourcesBuildPhase section */

/* Begin PBXSourcesBuildPhase section */
		87C8C15C138A5AB200B287AE /* Sources */ = {
			isa = PBXSourcesBuildPhase;
			buildActionMask = 2147483647;
			files = (
				87C8C172138A5AB200B287AE /* main.m in Sources */,
				87C8C175138A5AB200B287AE /* PopupCartonAppDelegate.m in Sources */,
				87C8C17B138A5AB200B287AE /* PopupCartonViewController.m in Sources */,
			);
			runOnlyForDeploymentPostprocessing = 0;
		};
/* End PBXSourcesBuildPhase section */

/* Begin PBXVariantGroup section */
		87C8C16D138A5AB200B287AE /* InfoPlist.strings */ = {
			isa = PBXVariantGroup;
			children = (
				87C8C16E138A5AB200B287AE /* en */,
			);
			name = InfoPlist.strings;
			sourceTree = "<group>";
		};
		87C8C176138A5AB200B287AE /* MainWindow.xib */ = {
			isa = PBXVariantGroup;
			children = (
				87C8C177138A5AB200B287AE /* en */,
			);
			name = MainWindow.xib;
			sourceTree = "<group>";
		};
		87C8C17C138A5AB200B287AE /* PopupCartonViewController.xib */ = {
			isa = PBXVariantGroup;
			children = (
				87C8C17D138A5AB200B287AE /* en */,
			);
			name = PopupCartonViewController.xib;
			sourceTree = "<group>";
		};
/* End PBXVariantGroup section */

/* Begin XCBuildConfiguration section */
		87C8C17F138A5AB200B287AE /* Debug */ = {
			isa = XCBuildConfiguration;
			buildSettings = {
				ARCHS = "$(ARCHS_STANDARD_32_BIT)";
				"CODE_SIGN_IDENTITY[sdk=iphoneos*]" = "iPhone Developer";
				GCC_C_LANGUAGE_STANDARD = gnu99;
				GCC_OPTIMIZATION_LEVEL = 0;
				GCC_PREPROCESSOR_DEFINITIONS = DEBUG;
				GCC_SYMBOLS_PRIVATE_EXTERN = NO;
				GCC_VERSION = com.apple.compilers.llvmgcc42;
				GCC_WARN_ABOUT_RETURN_TYPE = YES;
				GCC_WARN_UNUSED_VARIABLE = YES;
				IPHONEOS_DEPLOYMENT_TARGET = 4.3;
				SDKROOT = iphoneos;
			};
			name = Debug;
		};
		87C8C180138A5AB200B287AE /* Release */ = {
			isa = XCBuildConfiguration;
			buildSettings = {
				ARCHS = "$(ARCHS_STANDARD_32_BIT)";
				"CODE_SIGN_IDENTITY[sdk=iphoneos*]" = "iPhone Developer";
				GCC_C_LANGUAGE_STANDARD = gnu99;
				GCC_VERSION = com.apple.compilers.llvmgcc42;
				GCC_WARN_ABOUT_RETURN_TYPE = YES;
				GCC_WARN_UNUSED_VARIABLE = YES;
				IPHONEOS_DEPLOYMENT_TARGET = 4.3;
				OTHER_CFLAGS = "-DNS_BLOCK_ASSERTIONS=1";
				SDKROOT = iphoneos;
			};
			name = Release;
		};
		87C8C182138A5AB200B287AE /* Debug */ = {
			isa = XCBuildConfiguration;
			buildSettings = {
				ALWAYS_SEARCH_USER_PATHS = NO;
				COPY_PHASE_STRIP = NO;
				GCC_DYNAMIC_NO_PIC = NO;
				GCC_PRECOMPILE_PREFIX_HEADER = YES;
				GCC_PREFIX_HEADER = "PopupCarton/PopupCarton-Prefix.pch";
				INFOPLIST_FILE = "PopupCarton/PopupCarton-Info.plist";
				PRODUCT_NAME = "$(TARGET_NAME)";
				WRAPPER_EXTENSION = app;
			};
			name = Debug;
		};
		87C8C183138A5AB200B287AE /* Release */ = {
			isa = XCBuildConfiguration;
			buildSettings = {
				ALWAYS_SEARCH_USER_PATHS = NO;
				COPY_PHASE_STRIP = YES;
				GCC_PRECOMPILE_PREFIX_HEADER = YES;
				GCC_PREFIX_HEADER = "PopupCarton/PopupCarton-Prefix.pch";
				INFOPLIST_FILE = "PopupCarton/PopupCarton-Info.plist";
				PRODUCT_NAME = "$(TARGET_NAME)";
				VALIDATE_PRODUCT = YES;
				WRAPPER_EXTENSION = app;
			};
			name = Release;
		};
/* End XCBuildConfiguration section */

/* Begin XCConfigurationList section */
		87C8C15A138A5AB200B287AE /* Build configuration list for PBXProject "PopupCarton" */ = {
			isa = XCConfigurationList;
			buildConfigurations = (
				87C8C17F138A5AB200B287AE /* Debug */,
				87C8C180138A5AB200B287AE /* Release */,
			);
			defaultConfigurationIsVisible = 0;
			defaultConfigurationName = Release;
		};
		87C8C181138A5AB200B287AE /* Build configuration list for PBXNativeTarget "PopupCarton" */ = {
			isa = XCConfigurationList;
			buildConfigurations = (
				87C8C182138A5AB200B287AE /* Debug */,
				87C8C183138A5AB200B287AE /* Release */,
			);
			defaultConfigurationIsVisible = 0;
			defaultConfigurationName = Release;
		};
/* End XCConfigurationList section */
	};
	rootObject = 87C8C157138A5AB200B287AE /* Project object */;
}
